
Microsoft Visual Studio Solution File, Format Version 12.00
# Visual Studio 2013
VisualStudioVersion = 12.0.31101.0
MinimumVisualStudioVersion = 10.0.40219.1
Project("{FAE04EC0-301F-11D3-BF4B-00C04F79EFBC}") = "EventClass", "ConsoleApplication1\EventClass.csproj", "{3F5F54B0-E220-45A9-8ECC-2C37C3208481}"
EndProject
Global
	GlobalSection(SolutionConfigurationPlatforms) = preSolution
		Debug|Any CPU = Debug|Any CPU
		Release|Any CPU = Release|Any CPU
	EndGlobalSection
	GlobalSection(ProjectConfigurationPlatforms) = postSolution
		{3F5F54B0-E220-45A9-8ECC-2C37C3208481}.Debug|Any CPU.ActiveCfg = Debug|Any CPU
		{3F5F54B0-E220-45A9-8ECC-2C37C3208481}.Debug|Any CPU.Build.0 = Debug|Any CPU
		{3F5F54B0-E220-45A9-8ECC-2C37C3208481}.Release|Any CPU.ActiveCfg = Release|Any CPU
		{3F5F54B0-E220-45A9-8ECC-2C37C3208481}.Release|Any CPU.Build.0 = Release|Any CPU
	EndGlobalSection
	GlobalSection(SolutionProperties) = preSolution
		HideSolutionNode = FALSE
	EndGlobalSection
EndGlobal
